{
  "version": 4,
  "terraform_version": "1.14.7",
  "serial": 301,
  "lineage": "0802a2fc-b7d9-d2df-c59f-b74576c13433",
  "outputs": {},
  "resources": [
    {
      "mode": "managed",
      "type": "local_file",
      "name": "ansible_inventory",
      "provider": "provider[\"registry.terraform.io/hashicorp/local\"]",
      "instances": [
        {
          "schema_version": 0,
          "attributes": {
            "content": "[app]\ncytech-ethan-app ansible_host=192.168.100.134\n\n[bdd]\ncytech-ethan-bdd ansible_host=192.168.100.135\n",
            "content_base64": null,
            "content_base64sha256": "RIcmPND0jMLYSVhuflWNnqLu6Oc/d0sCTMKfkBFK5bE=",
            "content_base64sha512": "rFfTm2bDiJBbqX9fUQmhm2GzyRRnsJOQePoU/HZI+VLQeAJVaK2ZLVnl29Bv2JC/glEtW22W3QkC/zTRMLMMig==",
            "content_md5": "343f9818e3f9228cf4165451cb824a07",
            "content_sha1": "6bcaa75a10d762cbabf726a5ecc91655d3093c50",
            "content_sha256": "4487263cd0f48cc2d849586e7e558d9ea2eee8e73f774b024cc29f90114ae5b1",
            "content_sha512": "ac57d39b66c388905ba97f5f5109a19b61b3c91467b0939078fa14fc7648f952d078025568ad992d59e5dbd06fd890bf82512d5b6d96dd0902ff34d130b30c8a",
            "directory_permission": "0777",
            "file_permission": "0777",
            "filename": "./ansible/inventory.ini",
            "id": "6bcaa75a10d762cbabf726a5ecc91655d3093c50",
            "sensitive_content": null,
            "source": null
          },
          "sensitive_attributes": [
            [
              {
                "type": "get_attr",
                "value": "sensitive_content"
              }
            ]
          ],
          "identity_schema_version": 0,
          "dependencies": [
            "module.create_app.data.proxmox_virtual_environment_file.ubuntu_iso",
            "module.create_app.proxmox_virtual_environment_file.cloud_config",
            "module.create_app.proxmox_virtual_environment_vm.ubuntu_vm",
            "module.create_bdd.data.proxmox_virtual_environment_file.ubuntu_iso",
            "module.create_bdd.data.proxmox_virtual_environment_pool.data_pool",
            "module.create_bdd.data.tls_public_key.ssh_key",
            "module.create_bdd.proxmox_virtual_environment_file.cloud_config",
            "module.create_bdd.proxmox_virtual_environment_vm.ubuntu_vm"
          ]
        }
      ]
    },
    {
      "mode": "managed",
      "type": "null_resource",
      "name": "run_ansible",
      "provider": "provider[\"registry.terraform.io/hashicorp/null\"]",
      "instances": [
        {
          "schema_version": 0,
          "attributes": {
            "id": "3595691109546214532",
            "triggers": null
          },
          "sensitive_attributes": [],
          "identity_schema_version": 0,
          "dependencies": [
            "local_file.ansible_inventory",
            "module.create_app.data.proxmox_virtual_environment_file.ubuntu_iso",
            "module.create_app.data.proxmox_virtual_environment_pool.data_pool",
            "module.create_app.data.tls_public_key.ssh_key",
            "module.create_app.proxmox_virtual_environment_file.cloud_config",
            "module.create_app.proxmox_virtual_environment_vm.ubuntu_vm",
            "module.create_bdd.data.proxmox_virtual_environment_file.ubuntu_iso",
            "module.create_bdd.data.proxmox_virtual_environment_pool.data_pool",
            "module.create_bdd.data.tls_public_key.ssh_key",
            "module.create_bdd.proxmox_virtual_environment_file.cloud_config",
            "module.create_bdd.proxmox_virtual_environment_vm.ubuntu_vm"
          ]
        }
      ]
    },
    {
      "module": "module.create_app",
      "mode": "data",
      "type": "proxmox_virtual_environment_file",
      "name": "ubuntu_iso",
      "provider": "provider[\"registry.terraform.io/bpg/proxmox\"]",
      "instances": [
        {
          "schema_version": 0,
          "attributes": {
            "content_type": "iso",
            "datastore_id": "local",
            "file_format": "iso",
            "file_name": "jammy-server-cloudimg-amd64.img",
            "file_size": 691077632,
            "id": "local:iso/jammy-server-cloudimg-amd64.img",
            "node_name": "proxmox2",
            "vmid": null
          },
          "sensitive_attributes": [],
          "identity_schema_version": 0
        }
      ]
    },
    {
      "module": "module.create_app",
      "mode": "data",
      "type": "proxmox_virtual_environment_pool",
      "name": "data_pool",
      "provider": "provider[\"registry.terraform.io/bpg/proxmox\"]",
      "instances": [
        {
          "schema_version": 0,
          "attributes": {
            "comment": "formation Baptiste",
            "id": "terraform",
            "members": [
              {
                "datastore_id": "",
                "id": "qemu/1038",
                "node_name": "proxmox2",
                "type": "qemu",
                "vm_id": 1038
              },
              {
                "datastore_id": "local",
                "id": "storage/proxmox2/local",
                "node_name": "proxmox2",
                "type": "storage",
                "vm_id": 0
              },
              {
                "datastore_id": "local-lvm",
                "id": "storage/proxmox2/local-lvm",
                "node_name": "proxmox2",
                "type": "storage",
                "vm_id": 0
              }
            ],
            "pool_id": "terraform"
          },
          "sensitive_attributes": [],
          "identity_schema_version": 0
        }
      ]
    },
    {
      "module": "module.create_app",
      "mode": "data",
      "type": "tls_public_key",
      "name": "ssh_key",
      "provider": "provider[\"registry.terraform.io/hashicorp/tls\"]",
      "instances": [
        {
          "schema_version": 0,
          "attributes": {
            "algorithm": "ED25519",
            "id": "8f3fbea58a07fe894aba2795f26ef5d8883ab749",
            "private_key_openssh": "-----BEGIN OPENSSH PRIVATE KEY-----\nb3BlbnNzaC1rZXktdjEAAAAABG5vbmUAAAAEbm9uZQAAAAAAAAABAAAAMwAAAAtzc2gtZW\nQyNTUxOQAAACDK+mTVG+viQjsFdx5nIAUohBm0TL3p2y2DfFuaQR58UgAAAJCOUimXjlIp\nlwAAAAtzc2gtZWQyNTUxOQAAACDK+mTVG+viQjsFdx5nIAUohBm0TL3p2y2DfFuaQR58Ug\nAAAEDgLN4ipthizV9Ln83C/kA1svmzWByJlFWU/SwnB6un0sr6ZNUb6+JCOwV3HmcgBSiE\nGbRMvenbLYN8W5pBHnxSAAAADGV0aGFuQGZlZG9yYQE=\n-----END OPENSSH PRIVATE KEY-----\n",
            "private_key_pem": null,
            "public_key_fingerprint_md5": "60:dd:1d:c7:2f:02:b7:cd:16:d1:35:bf:4e:f2:bd:b1",
            "public_key_fingerprint_sha256": "SHA256:9zJJqWB6CJxyTb66WPkXBT9L6uY4DaSVFovkqd9xh38",
            "public_key_openssh": "ssh-ed25519 AAAAC3NzaC1lZDI1NTE5AAAAIMr6ZNUb6+JCOwV3HmcgBSiEGbRMvenbLYN8W5pBHnxS\n",
            "public_key_pem": "-----BEGIN PUBLIC KEY-----\nMCowBQYDK2VwAyEAyvpk1Rvr4kI7BXceZyAFKIQZtEy96dstg3xbmkEefFI=\n-----END PUBLIC KEY-----\n"
          },
          "sensitive_attributes": [
            [
              {
                "type": "get_attr",
                "value": "private_key_openssh"
              }
            ],
            [
              {
                "type": "get_attr",
                "value": "private_key_pem"
              }
            ]
          ],
          "identity_schema_version": 0
        }
      ]
    },
    {
      "module": "module.create_app",
      "mode": "managed",
      "type": "proxmox_virtual_environment_file",
      "name": "cloud_config",
      "provider": "provider[\"registry.terraform.io/bpg/proxmox\"]",
      "instances": [
        {
          "schema_version": 0,
          "attributes": {
            "content_type": "snippets",
            "datastore_id": "local",
            "file_mode": null,
            "file_modification_date": null,
            "file_name": "cytech-ethan-app-config.yaml",
            "file_size": null,
            "file_tag": null,
            "id": "local:snippets/cytech-ethan-app-config.yaml",
            "node_name": "proxmox2",
            "overwrite": true,
            "source_file": [],
            "source_raw": [
              {
                "data": "#cloud-config\nhostname: test-ubuntu\nusers:\n  - name: ethan\n    groups:\n      - sudo\n    shell: /bin/bash\n    ssh_authorized_keys:\n      - ssh-ed25519 AAAAC3NzaC1lZDI1NTE5AAAAIMr6ZNUb6+JCOwV3HmcgBSiEGbRMvenbLYN8W5pBHnxS ethan@fedora\n    sudo: \"ALL=(ALL) NOPASSWD:ALL\"\npackage_update: true\npackages:\n  - qemu-guest-agent\nruncmd:\n  - systemctl enable qemu-guest-agent\n  - systemctl start qemu-guest-agent",
                "file_name": "cytech-ethan-app-config.yaml",
                "resize": 0
              }
            ],
            "timeout_upload": 1800
          },
          "sensitive_attributes": [],
          "identity_schema_version": 0,
          "private": "bnVsbA==",
          "dependencies": [
            "module.create_bdd.data.proxmox_virtual_environment_file.ubuntu_iso",
            "module.create_bdd.data.proxmox_virtual_environment_pool.data_pool",
            "module.create_bdd.data.tls_public_key.ssh_key",
            "module.create_bdd.proxmox_virtual_environment_file.cloud_config",
            "module.create_bdd.proxmox_virtual_environment_vm.ubuntu_vm"
          ]
        }
      ]
    },
    {
      "module": "module.create_app",
      "mode": "managed",
      "type": "proxmox_virtual_environment_vm",
      "name": "ubuntu_vm",
      "provider": "provider[\"registry.terraform.io/bpg/proxmox\"]",
      "instances": [
        {
          "index_key": 0,
          "schema_version": 0,
          "attributes": {
            "acpi": true,
            "agent": [
              {
                "enabled": true,
                "timeout": "15m",
                "trim": false,
                "type": "virtio",
                "wait_for_ip": []
              }
            ],
            "amd_sev": [],
            "audio_device": [],
            "bios": "seabios",
            "boot_order": [
              "virtio0",
              "net0"
            ],
            "cdrom": [],
            "clone": [],
            "cpu": [
              {
                "affinity": "",
                "architecture": "",
                "cores": 1,
                "flags": [],
                "hotplugged": 0,
                "limit": 0,
                "numa": false,
                "sockets": 1,
                "type": "x86-64-v2-AES",
                "units": 0
              }
            ],
            "delete_unreferenced_disks_on_destroy": true,
            "description": "",
            "disk": [
              {
                "aio": "io_uring",
                "backup": true,
                "cache": "none",
                "datastore_id": "local-lvm",
                "discard": "ignore",
                "file_format": "raw",
                "file_id": "local:iso/jammy-server-cloudimg-amd64.img",
                "import_from": "",
                "interface": "virtio0",
                "iothread": false,
                "path_in_datastore": "vm-1134-disk-0",
                "replicate": true,
                "serial": "",
                "size": 20,
                "speed": [],
                "ssd": false
              }
            ],
            "efi_disk": [],
            "hook_script_file_id": null,
            "hostpci": [],
            "hotplug": null,
            "id": "1134",
            "initialization": [
              {
                "datastore_id": "local-lvm",
                "dns": [],
                "file_format": "",
                "interface": "ide2",
                "ip_config": [
                  {
                    "ipv4": [
                      {
                        "address": "192.168.100.134/24",
                        "gateway": "192.168.100.1"
                      }
                    ],
                    "ipv6": []
                  }
                ],
                "meta_data_file_id": "",
                "network_data_file_id": "",
                "type": "",
                "user_account": [],
                "user_data_file_id": "local:snippets/cytech-ethan-app-config.yaml",
                "vendor_data_file_id": ""
              }
            ],
            "ipv4_addresses": [
              [
                "127.0.0.1"
              ],
              [
                "192.168.100.134"
              ]
            ],
            "ipv6_addresses": [
              [
                "::1"
              ],
              [
                "fe80::be24:11ff:fe75:dc1d"
              ]
            ],
            "keyboard_layout": "en-us",
            "kvm_arguments": "",
            "mac_addresses": [
              "00:00:00:00:00:00",
              "BC:24:11:75:DC:1D"
            ],
            "machine": "",
            "memory": [
              {
                "dedicated": 1024,
                "floating": 1024,
                "hugepages": "",
                "keep_hugepages": false,
                "shared": 0
              }
            ],
            "migrate": false,
            "name": "cytech-ethan-app",
            "network_device": [
              {
                "bridge": "vmbr0",
                "disconnected": false,
                "enabled": true,
                "firewall": false,
                "mac_address": "BC:24:11:75:DC:1D",
                "model": "virtio",
                "mtu": 0,
                "queues": 0,
                "rate_limit": 0,
                "trunks": "",
                "vlan_id": 0
              }
            ],
            "network_interface_names": [
              "lo",
              "eth0"
            ],
            "node_name": "proxmox2",
            "numa": [],
            "on_boot": true,
            "operating_system": [],
            "pool_id": "",
            "protection": false,
            "purge_on_destroy": true,
            "reboot": false,
            "reboot_after_update": true,
            "rng": [],
            "scsi_hardware": "virtio-scsi-pci",
            "serial_device": [],
            "smbios": [],
            "started": true,
            "startup": [],
            "stop_on_destroy": true,
            "tablet_device": true,
            "tags": [],
            "template": false,
            "timeout_clone": 1800,
            "timeout_create": 1800,
            "timeout_migrate": 1800,
            "timeout_move_disk": 1800,
            "timeout_reboot": 1800,
            "timeout_shutdown_vm": 1800,
            "timeout_start_vm": 1800,
            "timeout_stop_vm": 300,
            "tpm_state": [],
            "usb": [],
            "vga": [],
            "virtiofs": [],
            "vm_id": 1134,
            "watchdog": []
          },
          "sensitive_attributes": [],
          "identity_schema_version": 0,
          "private": "bnVsbA==",
          "dependencies": [
            "module.create_app.data.proxmox_virtual_environment_file.ubuntu_iso",
            "module.create_app.proxmox_virtual_environment_file.cloud_config",
            "module.create_bdd.data.proxmox_virtual_environment_file.ubuntu_iso",
            "module.create_bdd.data.proxmox_virtual_environment_pool.data_pool",
            "module.create_bdd.data.tls_public_key.ssh_key",
            "module.create_bdd.proxmox_virtual_environment_file.cloud_config",
            "module.create_bdd.proxmox_virtual_environment_vm.ubuntu_vm"
          ]
        }
      ]
    },
    {
      "module": "module.create_bdd",
      "mode": "data",
      "type": "proxmox_virtual_environment_file",
      "name": "ubuntu_iso",
      "provider": "provider[\"registry.terraform.io/bpg/proxmox\"]",
      "instances": [
        {
          "schema_version": 0,
          "attributes": {
            "content_type": "iso",
            "datastore_id": "local",
            "file_format": "iso",
            "file_name": "jammy-server-cloudimg-amd64.img",
            "file_size": 691077632,
            "id": "local:iso/jammy-server-cloudimg-amd64.img",
            "node_name": "proxmox2",
            "vmid": null
          },
          "sensitive_attributes": [],
          "identity_schema_version": 0
        }
      ]
    },
    {
      "module": "module.create_bdd",
      "mode": "data",
      "type": "proxmox_virtual_environment_pool",
      "name": "data_pool",
      "provider": "provider[\"registry.terraform.io/bpg/proxmox\"]",
      "instances": [
        {
          "schema_version": 0,
          "attributes": {
            "comment": "formation Baptiste",
            "id": "terraform",
            "members": [
              {
                "datastore_id": "",
                "id": "qemu/1038",
                "node_name": "proxmox2",
                "type": "qemu",
                "vm_id": 1038
              },
              {
                "datastore_id": "local",
                "id": "storage/proxmox2/local",
                "node_name": "proxmox2",
                "type": "storage",
                "vm_id": 0
              },
              {
                "datastore_id": "local-lvm",
                "id": "storage/proxmox2/local-lvm",
                "node_name": "proxmox2",
                "type": "storage",
                "vm_id": 0
              }
            ],
            "pool_id": "terraform"
          },
          "sensitive_attributes": [],
          "identity_schema_version": 0
        }
      ]
    },
    {
      "module": "module.create_bdd",
      "mode": "data",
      "type": "tls_public_key",
      "name": "ssh_key",
      "provider": "provider[\"registry.terraform.io/hashicorp/tls\"]",
      "instances": [
        {
          "schema_version": 0,
          "attributes": {
            "algorithm": "ED25519",
            "id": "8f3fbea58a07fe894aba2795f26ef5d8883ab749",
            "private_key_openssh": "-----BEGIN OPENSSH PRIVATE KEY-----\nb3BlbnNzaC1rZXktdjEAAAAABG5vbmUAAAAEbm9uZQAAAAAAAAABAAAAMwAAAAtzc2gtZW\nQyNTUxOQAAACDK+mTVG+viQjsFdx5nIAUohBm0TL3p2y2DfFuaQR58UgAAAJCOUimXjlIp\nlwAAAAtzc2gtZWQyNTUxOQAAACDK+mTVG+viQjsFdx5nIAUohBm0TL3p2y2DfFuaQR58Ug\nAAAEDgLN4ipthizV9Ln83C/kA1svmzWByJlFWU/SwnB6un0sr6ZNUb6+JCOwV3HmcgBSiE\nGbRMvenbLYN8W5pBHnxSAAAADGV0aGFuQGZlZG9yYQE=\n-----END OPENSSH PRIVATE KEY-----\n",
            "private_key_pem": null,
            "public_key_fingerprint_md5": "60:dd:1d:c7:2f:02:b7:cd:16:d1:35:bf:4e:f2:bd:b1",
            "public_key_fingerprint_sha256": "SHA256:9zJJqWB6CJxyTb66WPkXBT9L6uY4DaSVFovkqd9xh38",
            "public_key_openssh": "ssh-ed25519 AAAAC3NzaC1lZDI1NTE5AAAAIMr6ZNUb6+JCOwV3HmcgBSiEGbRMvenbLYN8W5pBHnxS\n",
            "public_key_pem": "-----BEGIN PUBLIC KEY-----\nMCowBQYDK2VwAyEAyvpk1Rvr4kI7BXceZyAFKIQZtEy96dstg3xbmkEefFI=\n-----END PUBLIC KEY-----\n"
          },
          "sensitive_attributes": [
            [
              {
                "type": "get_attr",
                "value": "private_key_openssh"
              }
            ],
            [
              {
                "type": "get_attr",
                "value": "private_key_pem"
              }
            ]
          ],
          "identity_schema_version": 0
        }
      ]
    },
    {
      "module": "module.create_bdd",
      "mode": "managed",
      "type": "proxmox_virtual_environment_file",
      "name": "cloud_config",
      "provider": "provider[\"registry.terraform.io/bpg/proxmox\"]",
      "instances": [
        {
          "schema_version": 0,
          "attributes": {
            "content_type": "snippets",
            "datastore_id": "local",
            "file_mode": null,
            "file_modification_date": null,
            "file_name": "cytech-ethan-bdd-config.yaml",
            "file_size": null,
            "file_tag": null,
            "id": "local:snippets/cytech-ethan-bdd-config.yaml",
            "node_name": "proxmox2",
            "overwrite": true,
            "source_file": [],
            "source_raw": [
              {
                "data": "#cloud-config\nhostname: test-ubuntu\nusers:\n  - name: ethan\n    groups:\n      - sudo\n    shell: /bin/bash\n    ssh_authorized_keys:\n      - ssh-ed25519 AAAAC3NzaC1lZDI1NTE5AAAAIMr6ZNUb6+JCOwV3HmcgBSiEGbRMvenbLYN8W5pBHnxS ethan@fedora\n    sudo: \"ALL=(ALL) NOPASSWD:ALL\"\npackage_update: true\npackages:\n  - qemu-guest-agent\nruncmd:\n  - systemctl enable qemu-guest-agent\n  - systemctl start qemu-guest-agent",
                "file_name": "cytech-ethan-bdd-config.yaml",
                "resize": 0
              }
            ],
            "timeout_upload": 1800
          },
          "sensitive_attributes": [],
          "identity_schema_version": 0,
          "private": "bnVsbA=="
        }
      ]
    },
    {
      "module": "module.create_bdd",
      "mode": "managed",
      "type": "proxmox_virtual_environment_vm",
      "name": "ubuntu_vm",
      "provider": "provider[\"registry.terraform.io/bpg/proxmox\"]",
      "instances": [
        {
          "index_key": 0,
          "schema_version": 0,
          "attributes": {
            "acpi": true,
            "agent": [
              {
                "enabled": true,
                "timeout": "15m",
                "trim": false,
                "type": "virtio",
                "wait_for_ip": []
              }
            ],
            "amd_sev": [],
            "audio_device": [],
            "bios": "seabios",
            "boot_order": [
              "virtio0",
              "net0"
            ],
            "cdrom": [],
            "clone": [],
            "cpu": [
              {
                "affinity": "",
                "architecture": "",
                "cores": 1,
                "flags": [],
                "hotplugged": 0,
                "limit": 0,
                "numa": false,
                "sockets": 1,
                "type": "x86-64-v2-AES",
                "units": 0
              }
            ],
            "delete_unreferenced_disks_on_destroy": true,
            "description": "",
            "disk": [
              {
                "aio": "io_uring",
                "backup": true,
                "cache": "none",
                "datastore_id": "local-lvm",
                "discard": "ignore",
                "file_format": "raw",
                "file_id": "local:iso/jammy-server-cloudimg-amd64.img",
                "import_from": "",
                "interface": "virtio0",
                "iothread": false,
                "path_in_datastore": "vm-1135-disk-0",
                "replicate": true,
                "serial": "",
                "size": 20,
                "speed": [],
                "ssd": false
              }
            ],
            "efi_disk": [],
            "hook_script_file_id": null,
            "hostpci": [],
            "hotplug": null,
            "id": "1135",
            "initialization": [
              {
                "datastore_id": "local-lvm",
                "dns": [],
                "file_format": "",
                "interface": "ide2",
                "ip_config": [
                  {
                    "ipv4": [
                      {
                        "address": "192.168.100.135/24",
                        "gateway": "192.168.100.1"
                      }
                    ],
                    "ipv6": []
                  }
                ],
                "meta_data_file_id": "",
                "network_data_file_id": "",
                "type": "",
                "user_account": [],
                "user_data_file_id": "local:snippets/cytech-ethan-bdd-config.yaml",
                "vendor_data_file_id": ""
              }
            ],
            "ipv4_addresses": [
              [
                "127.0.0.1"
              ],
              [
                "192.168.100.135"
              ]
            ],
            "ipv6_addresses": [
              [
                "::1"
              ],
              [
                "fe80::be24:11ff:feae:3ddf"
              ]
            ],
            "keyboard_layout": "en-us",
            "kvm_arguments": "",
            "mac_addresses": [
              "00:00:00:00:00:00",
              "BC:24:11:AE:3D:DF"
            ],
            "machine": "",
            "memory": [
              {
                "dedicated": 2048,
                "floating": 2048,
                "hugepages": "",
                "keep_hugepages": false,
                "shared": 0
              }
            ],
            "migrate": false,
            "name": "cytech-ethan-bdd",
            "network_device": [
              {
                "bridge": "vmbr0",
                "disconnected": false,
                "enabled": true,
                "firewall": false,
                "mac_address": "BC:24:11:AE:3D:DF",
                "model": "virtio",
                "mtu": 0,
                "queues": 0,
                "rate_limit": 0,
                "trunks": "",
                "vlan_id": 0
              }
            ],
            "network_interface_names": [
              "lo",
              "eth0"
            ],
            "node_name": "proxmox2",
            "numa": [],
            "on_boot": true,
            "operating_system": [],
            "pool_id": "",
            "protection": false,
            "purge_on_destroy": true,
            "reboot": false,
            "reboot_after_update": true,
            "rng": [],
            "scsi_hardware": "virtio-scsi-pci",
            "serial_device": [],
            "smbios": [],
            "started": true,
            "startup": [],
            "stop_on_destroy": true,
            "tablet_device": true,
            "tags": [],
            "template": false,
            "timeout_clone": 1800,
            "timeout_create": 1800,
            "timeout_migrate": 1800,
            "timeout_move_disk": 1800,
            "timeout_reboot": 1800,
            "timeout_shutdown_vm": 1800,
            "timeout_start_vm": 1800,
            "timeout_stop_vm": 300,
            "tpm_state": [],
            "usb": [],
            "vga": [],
            "virtiofs": [],
            "vm_id": 1135,
            "watchdog": []
          },
          "sensitive_attributes": [],
          "identity_schema_version": 0,
          "private": "bnVsbA==",
          "dependencies": [
            "module.create_bdd.data.proxmox_virtual_environment_file.ubuntu_iso",
            "module.create_bdd.proxmox_virtual_environment_file.cloud_config"
          ]
        }
      ]
    }
  ],
  "check_results": null
}
